
Microsoft Visual Studio Solution File, Format Version 12.00
# Visual Studio Version 17
VisualStudioVersion = 17.5.002.0
MinimumVisualStudioVersion = 10.0.40219.1
Project("{9A19103F-16F7-4668-BE54-9A1E7A4F7556}") = "Tercer_Punto", "Tercer_Punto.csproj", "{2EED98EE-541B-4C2A-92B5-63A786C071E8}"
EndProject
Global
	GlobalSection(SolutionConfigurationPlatforms) = preSolution
		Debug|Any CPU = Debug|Any CPU
		Release|Any CPU = Release|Any CPU
	EndGlobalSection
	GlobalSection(ProjectConfigurationPlatforms) = postSolution
		{2EED98EE-541B-4C2A-92B5-63A786C071E8}.Debug|Any CPU.ActiveCfg = Debug|Any CPU
		{2EED98EE-541B-4C2A-92B5-63A786C071E8}.Debug|Any CPU.Build.0 = Debug|Any CPU
		{2EED98EE-541B-4C2A-92B5-63A786C071E8}.Release|Any CPU.ActiveCfg = Release|Any CPU
		{2EED98EE-541B-4C2A-92B5-63A786C071E8}.Release|Any CPU.Build.0 = Release|Any CPU
	EndGlobalSection
	GlobalSection(SolutionProperties) = preSolution
		HideSolutionNode = FALSE
	EndGlobalSection
	GlobalSection(ExtensibilityGlobals) = postSolution
		SolutionGuid = {1BC4F8DF-A693-43E9-B7FA-C96FE05C5A23}
	EndGlobalSection
EndGlobal
